
Microsoft Visual Studio Solution File, Format Version 12.00
# Visual Studio Version 17
VisualStudioVersion = 17.0.31521.260
MinimumVisualStudioVersion = 10.0.40219.1
Project("{2150E333-8FDC-42A3-9474-1A3956D46DE8}") = "003 Repositories", "003 Repositories", "{655EA4B2-0D66-4211-99DE-DCDE18CEC4E7}"
EndProject
Project("{2150E333-8FDC-42A3-9474-1A3956D46DE8}") = "001 Controller", "001 Controller", "{7F20C7A9-E5C5-4723-B63E-C9121502712E}"
EndProject
Project("{2150E333-8FDC-42A3-9474-1A3956D46DE8}") = "004 Models", "004 Models", "{B4A3E74E-489A-4423-B773-A9B40DA71724}"
EndProject
Project("{2150E333-8FDC-42A3-9474-1A3956D46DE8}") = "002 Services", "002 Services", "{A65E72C4-A413-4489-B1DD-BF57B7BECCD5}"
EndProject
Project("{2150E333-8FDC-42A3-9474-1A3956D46DE8}") = "005 Core", "005 Core", "{8DFE9289-C47F-4356-BBD4-99B9268DEDE4}"
EndProject
Project("{9A19103F-16F7-4668-BE54-9A1E7A4F7556}") = "KUX.Controllers.Admin", "KUX.Controllers.Admin\KUX.Controllers.Admin.csproj", "{A7938B6B-7086-4FBF-9129-B6A8A1E7DB67}"
EndProject
Project("{9A19103F-16F7-4668-BE54-9A1E7A4F7556}") = "KUX.Services.Admin", "KUX.Services.Admin\KUX.Services.Admin.csproj", "{F5460CDE-59BE-406C-9199-84FD8561C39B}"
EndProject
Project("{9A19103F-16F7-4668-BE54-9A1E7A4F7556}") = "KUX.Repositories.Core", "KUX.RepositoriesCore\KUX.Repositories.Core.csproj", "{6CFC0918-CCFB-4647-A133-B72586692424}"
EndProject
Project("{9A19103F-16F7-4668-BE54-9A1E7A4F7556}") = "KUX.Services", "KUX.Services\KUX.Services.csproj", "{07BE9028-2876-48BD-9B69-0CCFDC555D3F}"
EndProject
Project("{9A19103F-16F7-4668-BE54-9A1E7A4F7556}") = "KUX.Repositories", "KUX.Repositories\KUX.Repositories.csproj", "{615885AC-7D25-4ADC-8BFC-5CE2BEEC98A7}"
EndProject
Project("{9A19103F-16F7-4668-BE54-9A1E7A4F7556}") = "KUX.Infrastructure", "KUX.Infrastructure\KUX.Infrastructure.csproj", "{E6F90D08-A9FB-44B8-B286-FBC3984CC159}"
EndProject
Project("{9A19103F-16F7-4668-BE54-9A1E7A4F7556}") = "KUX.Controllers", "KUX.Controllers\KUX.Controllers.csproj", "{C81ED25F-2259-4B1C-9FBD-C14E969FB4CA}"
EndProject
Project("{9A19103F-16F7-4668-BE54-9A1E7A4F7556}") = "KUX.Entity.Generate", "KUX.Entity.Generate\KUX.Entity.Generate.csproj", "{6B2F05CB-E732-43F8-B3CF-4D0A8BC20A4D}"
EndProject
Project("{9A19103F-16F7-4668-BE54-9A1E7A4F7556}") = "KUX.Models", "KUX.Models\KUX.Models.csproj", "{59EF1BE6-BB55-4A53-9EE8-33E72D939DF8}"
EndProject
Project("{9A19103F-16F7-4668-BE54-9A1E7A4F7556}") = "Czim.AdminApi", "Czim.AdminApi\Czim.AdminApi.csproj", "{354DC85B-C288-43E6-945D-5846F6551574}"
EndProject
Project("{9A19103F-16F7-4668-BE54-9A1E7A4F7556}") = "Czim.AppApi", "Czim.AppApi\Czim.AppApi.csproj", "{7CF59ADE-634F-4643-A905-AFFC11F04108}"
EndProject
Project("{9A19103F-16F7-4668-BE54-9A1E7A4F7556}") = "KUX.Services.App", "KUX.Services.App\KUX.Services.App.csproj", "{708A3E0F-D865-48E0-BE28-212F1DE63B1E}"
EndProject
Project("{9A19103F-16F7-4668-BE54-9A1E7A4F7556}") = "KUX.Controllers.App", "KUX.Controllers.App\KUX.Controllers.App.csproj", "{420A1AF0-6672-449C-B597-247A4FC6F33C}"
EndProject
Global
	GlobalSection(SolutionConfigurationPlatforms) = preSolution
		Debug|Any CPU = Debug|Any CPU
		Release|Any CPU = Release|Any CPU
	EndGlobalSection
	GlobalSection(ProjectConfigurationPlatforms) = postSolution
		{A7938B6B-7086-4FBF-9129-B6A8A1E7DB67}.Debug|Any CPU.ActiveCfg = Debug|Any CPU
		{A7938B6B-7086-4FBF-9129-B6A8A1E7DB67}.Debug|Any CPU.Build.0 = Debug|Any CPU
		{A7938B6B-7086-4FBF-9129-B6A8A1E7DB67}.Release|Any CPU.ActiveCfg = Release|Any CPU
		{A7938B6B-7086-4FBF-9129-B6A8A1E7DB67}.Release|Any CPU.Build.0 = Release|Any CPU
		{F5460CDE-59BE-406C-9199-84FD8561C39B}.Debug|Any CPU.ActiveCfg = Debug|Any CPU
		{F5460CDE-59BE-406C-9199-84FD8561C39B}.Debug|Any CPU.Build.0 = Debug|Any CPU
		{F5460CDE-59BE-406C-9199-84FD8561C39B}.Release|Any CPU.ActiveCfg = Release|Any CPU
		{F5460CDE-59BE-406C-9199-84FD8561C39B}.Release|Any CPU.Build.0 = Release|Any CPU
		{6CFC0918-CCFB-4647-A133-B72586692424}.Debug|Any CPU.ActiveCfg = Debug|Any CPU
		{6CFC0918-CCFB-4647-A133-B72586692424}.Debug|Any CPU.Build.0 = Debug|Any CPU
		{6CFC0918-CCFB-4647-A133-B72586692424}.Release|Any CPU.ActiveCfg = Release|Any CPU
		{6CFC0918-CCFB-4647-A133-B72586692424}.Release|Any CPU.Build.0 = Release|Any CPU
		{07BE9028-2876-48BD-9B69-0CCFDC555D3F}.Debug|Any CPU.ActiveCfg = Debug|Any CPU
		{07BE9028-2876-48BD-9B69-0CCFDC555D3F}.Debug|Any CPU.Build.0 = Debug|Any CPU
		{07BE9028-2876-48BD-9B69-0CCFDC555D3F}.Release|Any CPU.ActiveCfg = Release|Any CPU
		{07BE9028-2876-48BD-9B69-0CCFDC555D3F}.Release|Any CPU.Build.0 = Release|Any CPU
		{615885AC-7D25-4ADC-8BFC-5CE2BEEC98A7}.Debug|Any CPU.ActiveCfg = Debug|Any CPU
		{615885AC-7D25-4ADC-8BFC-5CE2BEEC98A7}.Debug|Any CPU.Build.0 = Debug|Any CPU
		{615885AC-7D25-4ADC-8BFC-5CE2BEEC98A7}.Release|Any CPU.ActiveCfg = Release|Any CPU
		{615885AC-7D25-4ADC-8BFC-5CE2BEEC98A7}.Release|Any CPU.Build.0 = Release|Any CPU
		{E6F90D08-A9FB-44B8-B286-FBC3984CC159}.Debug|Any CPU.ActiveCfg = Debug|Any CPU
		{E6F90D08-A9FB-44B8-B286-FBC3984CC159}.Debug|Any CPU.Build.0 = Debug|Any CPU
		{E6F90D08-A9FB-44B8-B286-FBC3984CC159}.Release|Any CPU.ActiveCfg = Release|Any CPU
		{E6F90D08-A9FB-44B8-B286-FBC3984CC159}.Release|Any CPU.Build.0 = Release|Any CPU
		{C81ED25F-2259-4B1C-9FBD-C14E969FB4CA}.Debug|Any CPU.ActiveCfg = Debug|Any CPU
		{C81ED25F-2259-4B1C-9FBD-C14E969FB4CA}.Debug|Any CPU.Build.0 = Debug|Any CPU
		{C81ED25F-2259-4B1C-9FBD-C14E969FB4CA}.Release|Any CPU.ActiveCfg = Release|Any CPU
		{C81ED25F-2259-4B1C-9FBD-C14E969FB4CA}.Release|Any CPU.Build.0 = Release|Any CPU
		{6B2F05CB-E732-43F8-B3CF-4D0A8BC20A4D}.Debug|Any CPU.ActiveCfg = Debug|Any CPU
		{6B2F05CB-E732-43F8-B3CF-4D0A8BC20A4D}.Debug|Any CPU.Build.0 = Debug|Any CPU
		{6B2F05CB-E732-43F8-B3CF-4D0A8BC20A4D}.Release|Any CPU.ActiveCfg = Release|Any CPU
		{6B2F05CB-E732-43F8-B3CF-4D0A8BC20A4D}.Release|Any CPU.Build.0 = Release|Any CPU
		{59EF1BE6-BB55-4A53-9EE8-33E72D939DF8}.Debug|Any CPU.ActiveCfg = Debug|Any CPU
		{59EF1BE6-BB55-4A53-9EE8-33E72D939DF8}.Debug|Any CPU.Build.0 = Debug|Any CPU
		{59EF1BE6-BB55-4A53-9EE8-33E72D939DF8}.Release|Any CPU.ActiveCfg = Release|Any CPU
		{59EF1BE6-BB55-4A53-9EE8-33E72D939DF8}.Release|Any CPU.Build.0 = Release|Any CPU
		{354DC85B-C288-43E6-945D-5846F6551574}.Debug|Any CPU.ActiveCfg = Debug|Any CPU
		{354DC85B-C288-43E6-945D-5846F6551574}.Debug|Any CPU.Build.0 = Debug|Any CPU
		{354DC85B-C288-43E6-945D-5846F6551574}.Release|Any CPU.ActiveCfg = Release|Any CPU
		{354DC85B-C288-43E6-945D-5846F6551574}.Release|Any CPU.Build.0 = Release|Any CPU
		{7CF59ADE-634F-4643-A905-AFFC11F04108}.Debug|Any CPU.ActiveCfg = Debug|Any CPU
		{7CF59ADE-634F-4643-A905-AFFC11F04108}.Debug|Any CPU.Build.0 = Debug|Any CPU
		{7CF59ADE-634F-4643-A905-AFFC11F04108}.Release|Any CPU.ActiveCfg = Release|Any CPU
		{7CF59ADE-634F-4643-A905-AFFC11F04108}.Release|Any CPU.Build.0 = Release|Any CPU
		{708A3E0F-D865-48E0-BE28-212F1DE63B1E}.Debug|Any CPU.ActiveCfg = Debug|Any CPU
		{708A3E0F-D865-48E0-BE28-212F1DE63B1E}.Debug|Any CPU.Build.0 = Debug|Any CPU
		{708A3E0F-D865-48E0-BE28-212F1DE63B1E}.Release|Any CPU.ActiveCfg = Release|Any CPU
		{708A3E0F-D865-48E0-BE28-212F1DE63B1E}.Release|Any CPU.Build.0 = Release|Any CPU
		{420A1AF0-6672-449C-B597-247A4FC6F33C}.Debug|Any CPU.ActiveCfg = Debug|Any CPU
		{420A1AF0-6672-449C-B597-247A4FC6F33C}.Debug|Any CPU.Build.0 = Debug|Any CPU
		{420A1AF0-6672-449C-B597-247A4FC6F33C}.Release|Any CPU.ActiveCfg = Release|Any CPU
		{420A1AF0-6672-449C-B597-247A4FC6F33C}.Release|Any CPU.Build.0 = Release|Any CPU
	EndGlobalSection
	GlobalSection(SolutionProperties) = preSolution
		HideSolutionNode = FALSE
	EndGlobalSection
	GlobalSection(NestedProjects) = preSolution
		{A7938B6B-7086-4FBF-9129-B6A8A1E7DB67} = {7F20C7A9-E5C5-4723-B63E-C9121502712E}
		{F5460CDE-59BE-406C-9199-84FD8561C39B} = {A65E72C4-A413-4489-B1DD-BF57B7BECCD5}
		{6CFC0918-CCFB-4647-A133-B72586692424} = {655EA4B2-0D66-4211-99DE-DCDE18CEC4E7}
		{07BE9028-2876-48BD-9B69-0CCFDC555D3F} = {A65E72C4-A413-4489-B1DD-BF57B7BECCD5}
		{615885AC-7D25-4ADC-8BFC-5CE2BEEC98A7} = {655EA4B2-0D66-4211-99DE-DCDE18CEC4E7}
		{E6F90D08-A9FB-44B8-B286-FBC3984CC159} = {8DFE9289-C47F-4356-BBD4-99B9268DEDE4}
		{C81ED25F-2259-4B1C-9FBD-C14E969FB4CA} = {7F20C7A9-E5C5-4723-B63E-C9121502712E}
		{6B2F05CB-E732-43F8-B3CF-4D0A8BC20A4D} = {8DFE9289-C47F-4356-BBD4-99B9268DEDE4}
		{59EF1BE6-BB55-4A53-9EE8-33E72D939DF8} = {B4A3E74E-489A-4423-B773-A9B40DA71724}
		{708A3E0F-D865-48E0-BE28-212F1DE63B1E} = {A65E72C4-A413-4489-B1DD-BF57B7BECCD5}
		{420A1AF0-6672-449C-B597-247A4FC6F33C} = {7F20C7A9-E5C5-4723-B63E-C9121502712E}
	EndGlobalSection
	GlobalSection(ExtensibilityGlobals) = postSolution
		SolutionGuid = {4391EDFF-453A-4207-B637-C2F386D3BC00}
	EndGlobalSection
EndGlobal
